
Microsoft Visual Studio Solution File, Format Version 12.00
# Visual Studio 14
VisualStudioVersion = 14.0.25420.1
MinimumVisualStudioVersion = 10.0.40219.1
Project("{FAE04EC0-301F-11D3-BF4B-00C04F79EFBC}") = "Demo.Sudoku.Host", "Demo.Sudoku.Host\Demo.Sudoku.Host.csproj", "{99D356FE-0A83-43C0-8721-FC5A4DDC34DC}"
EndProject
Project("{FAE04EC0-301F-11D3-BF4B-00C04F79EFBC}") = "Demo.Sudoku.Services", "Demo.Sudoku.Services\Demo.Sudoku.Services.csproj", "{93174E43-63D5-4F1D-AF16-F243317B1821}"
EndProject
Project("{FAE04EC0-301F-11D3-BF4B-00C04F79EFBC}") = "Demo.Sudoku.Tests", "Demo.Sudoku.Tests\Demo.Sudoku.Tests.csproj", "{826B50A0-D873-4E54-9594-0A3701436DBF}"
EndProject
Project("{FAE04EC0-301F-11D3-BF4B-00C04F79EFBC}") = "Demo.Sudoku.Lab", "Demo.Sudoku.Lab\Demo.Sudoku.Lab.csproj", "{ECC40D64-DA31-4CB5-B72C-D2E141EE906C}"
EndProject
Project("{FAE04EC0-301F-11D3-BF4B-00C04F79EFBC}") = "Demo.Sudoku.Web", "Demo.Sudoku.Web\Demo.Sudoku.Web.csproj", "{2A826419-B1C5-4588-8C09-1FD34DFBBCF4}"
EndProject
Global
	GlobalSection(SolutionConfigurationPlatforms) = preSolution
		Debug|Any CPU = Debug|Any CPU
		Release|Any CPU = Release|Any CPU
	EndGlobalSection
	GlobalSection(ProjectConfigurationPlatforms) = postSolution
		{99D356FE-0A83-43C0-8721-FC5A4DDC34DC}.Debug|Any CPU.ActiveCfg = Debug|Any CPU
		{99D356FE-0A83-43C0-8721-FC5A4DDC34DC}.Debug|Any CPU.Build.0 = Debug|Any CPU
		{99D356FE-0A83-43C0-8721-FC5A4DDC34DC}.Release|Any CPU.ActiveCfg = Release|Any CPU
		{99D356FE-0A83-43C0-8721-FC5A4DDC34DC}.Release|Any CPU.Build.0 = Release|Any CPU
		{93174E43-63D5-4F1D-AF16-F243317B1821}.Debug|Any CPU.ActiveCfg = Debug|Any CPU
		{93174E43-63D5-4F1D-AF16-F243317B1821}.Debug|Any CPU.Build.0 = Debug|Any CPU
		{93174E43-63D5-4F1D-AF16-F243317B1821}.Release|Any CPU.ActiveCfg = Release|Any CPU
		{93174E43-63D5-4F1D-AF16-F243317B1821}.Release|Any CPU.Build.0 = Release|Any CPU
		{826B50A0-D873-4E54-9594-0A3701436DBF}.Debug|Any CPU.ActiveCfg = Debug|Any CPU
		{826B50A0-D873-4E54-9594-0A3701436DBF}.Debug|Any CPU.Build.0 = Debug|Any CPU
		{826B50A0-D873-4E54-9594-0A3701436DBF}.Release|Any CPU.ActiveCfg = Release|Any CPU
		{826B50A0-D873-4E54-9594-0A3701436DBF}.Release|Any CPU.Build.0 = Release|Any CPU
		{ECC40D64-DA31-4CB5-B72C-D2E141EE906C}.Debug|Any CPU.ActiveCfg = Debug|Any CPU
		{ECC40D64-DA31-4CB5-B72C-D2E141EE906C}.Debug|Any CPU.Build.0 = Debug|Any CPU
		{ECC40D64-DA31-4CB5-B72C-D2E141EE906C}.Release|Any CPU.ActiveCfg = Release|Any CPU
		{ECC40D64-DA31-4CB5-B72C-D2E141EE906C}.Release|Any CPU.Build.0 = Release|Any CPU
		{2A826419-B1C5-4588-8C09-1FD34DFBBCF4}.Debug|Any CPU.ActiveCfg = Debug|Any CPU
		{2A826419-B1C5-4588-8C09-1FD34DFBBCF4}.Debug|Any CPU.Build.0 = Debug|Any CPU
		{2A826419-B1C5-4588-8C09-1FD34DFBBCF4}.Release|Any CPU.ActiveCfg = Release|Any CPU
		{2A826419-B1C5-4588-8C09-1FD34DFBBCF4}.Release|Any CPU.Build.0 = Release|Any CPU
	EndGlobalSection
	GlobalSection(SolutionProperties) = preSolution
		HideSolutionNode = FALSE
	EndGlobalSection
EndGlobal
